{
  "name": "playwright-dialog-bug-repro",
  "version": "1.0.0",
  "lockfileVersion": 3,
  "requires": true,
  "packages": {
    "": {
      "name": "playwright-dialog-bug-repro",
      "version": "1.0.0",
      "devDependencies": {
        "@playwright/test": "^1.57.0-alpha-2025-11-10"
      }
    },
    "node_modules/@playwright/test": {
      "version": "1.57.0-alpha-2025-11-10",
      "resolved": "https://registry.npmjs.org/@playwright/test/-/test-1.57.0-alpha-2025-11-10.tgz",
      "integrity": "sha512-/ji/y2a39MDRM0+PAWkc39GWcVyQCpqYRlxFZHYPnaxv99mWURq3w1aMgJDK44JnHpvAWeOkALjF/FO1EfLGsA==",
      "dev": true,
      "dependencies": {
        "playwright": "1.57.0-alpha-2025-11-10"
      },
      "bin": {
        "playwright": "cli.js"
      },
      "engines": {
        "node": ">=18"
      }
    },
    "node_modules/fsevents": {
      "version": "2.3.2",
      "resolved": "https://registry.npmjs.org/fsevents/-/fsevents-2.3.2.tgz",
      "integrity": "sha512-xiqMQR4xAeHTuB9uWm+fFRcIOgKBMiOBP+eXiyT7jsgVCq1bkVygt00oASowB7EdtpOHaaPgKt812P9ab+DDKA==",
      "dev": true,
      "hasInstallScript": true,
      "optional": true,
      "os": [
        "darwin"
      ],
      "engines": {
        "node": "^8.16.0 || ^10.6.0 || >=11.0.0"
      }
    },
    "node_modules/playwright": {
      "version": "1.57.0-alpha-2025-11-10",
      "resolved": "https://registry.npmjs.org/playwright/-/playwright-1.57.0-alpha-2025-11-10.tgz",
      "integrity": "sha512-2R9yzkpmWyulBPzGrIqcSPRGfhm/GUk/w3+cRaEoPUA2lmaKZplp6M1ZtStSDS/XBCJOx57yDCI3B03htBmTBg==",
      "dev": true,
      "dependencies": {
        "playwright-core": "1.57.0-alpha-2025-11-10"
      },
      "bin": {
        "playwright": "cli.js"
      },
      "engines": {
        "node": ">=18"
      },
      "optionalDependencies": {
        "fsevents": "2.3.2"
      }
    },
    "node_modules/playwright-core": {
      "version": "1.57.0-alpha-2025-11-10",
      "resolved": "https://registry.npmjs.org/playwright-core/-/playwright-core-1.57.0-alpha-2025-11-10.tgz",
      "integrity": "sha512-E9N1UhYwk1mwCLJzbrG4BxKyl3Wo33bf3y5Yg63luniorlO1NTiqIly25WleqfkFjy07Zdwj8/6p6U8gJhx/vA==",
      "dev": true,
      "bin": {
        "playwright-core": "cli.js"
      },
      "engines": {
        "node": ">=18"
      }
    }
  }
}
